
Microsoft Visual Studio Solution File, Format Version 12.00
# Visual Studio Version 17
VisualStudioVersion = 17.13.36105.23 d17.13
MinimumVisualStudioVersion = 10.0.40219.1
Project("{FAE04EC0-301F-11D3-BF4B-00C04F79EFBC}") = "HRM", "HRM.csproj", "{B23C59E9-049F-E909-EF14-7868B4BDCC1C}"
EndProject
Global
	GlobalSection(SolutionConfigurationPlatforms) = preSolution
		Debug|Any CPU = Debug|Any CPU
		Release|Any CPU = Release|Any CPU
	EndGlobalSection
	GlobalSection(ProjectConfigurationPlatforms) = postSolution
		{B23C59E9-049F-E909-EF14-7868B4BDCC1C}.Debug|Any CPU.ActiveCfg = Debug|Any CPU
		{B23C59E9-049F-E909-EF14-7868B4BDCC1C}.Debug|Any CPU.Build.0 = Debug|Any CPU
		{B23C59E9-049F-E909-EF14-7868B4BDCC1C}.Release|Any CPU.ActiveCfg = Release|Any CPU
		{B23C59E9-049F-E909-EF14-7868B4BDCC1C}.Release|Any CPU.Build.0 = Release|Any CPU
	EndGlobalSection
	GlobalSection(SolutionProperties) = preSolution
		HideSolutionNode = FALSE
	EndGlobalSection
	GlobalSection(ExtensibilityGlobals) = postSolution
		SolutionGuid = {4525BA1A-70F7-4B96-85BE-E7E374A5154F}
	EndGlobalSection
EndGlobal
